
Microsoft Visual Studio Solution File, Format Version 12.00
# Visual Studio Version 16
VisualStudioVersion = 16.0.30907.101
MinimumVisualStudioVersion = 10.0.40219.1
Project("{FAE04EC0-301F-11D3-BF4B-00C04F79EFBC}") = "UsingAppDomians", "UsingAppDomians\UsingAppDomians.csproj", "{EEBBDD28-7391-4C73-80D3-0CBA0C63DB6E}"
EndProject
Project("{FAE04EC0-301F-11D3-BF4B-00C04F79EFBC}") = "TextWindow", "TextWindow\TextWindow.csproj", "{05C85805-C0D8-496D-B6A1-B625FA8F1583}"
EndProject
Project("{FAE04EC0-301F-11D3-BF4B-00C04F79EFBC}") = "TextDrawer", "TextDrawer\TextDrawer.csproj", "{E031912C-1FD5-463B-986C-99AE7AC3733A}"
EndProject
Global
	GlobalSection(SolutionConfigurationPlatforms) = preSolution
		Debug|Any CPU = Debug|Any CPU
		Release|Any CPU = Release|Any CPU
	EndGlobalSection
	GlobalSection(ProjectConfigurationPlatforms) = postSolution
		{EEBBDD28-7391-4C73-80D3-0CBA0C63DB6E}.Debug|Any CPU.ActiveCfg = Debug|Any CPU
		{EEBBDD28-7391-4C73-80D3-0CBA0C63DB6E}.Debug|Any CPU.Build.0 = Debug|Any CPU
		{EEBBDD28-7391-4C73-80D3-0CBA0C63DB6E}.Release|Any CPU.ActiveCfg = Release|Any CPU
		{EEBBDD28-7391-4C73-80D3-0CBA0C63DB6E}.Release|Any CPU.Build.0 = Release|Any CPU
		{05C85805-C0D8-496D-B6A1-B625FA8F1583}.Debug|Any CPU.ActiveCfg = Debug|Any CPU
		{05C85805-C0D8-496D-B6A1-B625FA8F1583}.Debug|Any CPU.Build.0 = Debug|Any CPU
		{05C85805-C0D8-496D-B6A1-B625FA8F1583}.Release|Any CPU.ActiveCfg = Release|Any CPU
		{05C85805-C0D8-496D-B6A1-B625FA8F1583}.Release|Any CPU.Build.0 = Release|Any CPU
		{E031912C-1FD5-463B-986C-99AE7AC3733A}.Debug|Any CPU.ActiveCfg = Debug|Any CPU
		{E031912C-1FD5-463B-986C-99AE7AC3733A}.Debug|Any CPU.Build.0 = Debug|Any CPU
		{E031912C-1FD5-463B-986C-99AE7AC3733A}.Release|Any CPU.ActiveCfg = Release|Any CPU
		{E031912C-1FD5-463B-986C-99AE7AC3733A}.Release|Any CPU.Build.0 = Release|Any CPU
	EndGlobalSection
	GlobalSection(SolutionProperties) = preSolution
		HideSolutionNode = FALSE
	EndGlobalSection
	GlobalSection(ExtensibilityGlobals) = postSolution
		SolutionGuid = {089BB0CE-4E7B-41F9-B09F-67B546AA4927}
	EndGlobalSection
EndGlobal
